
Microsoft Visual Studio Solution File, Format Version 12.00
# Visual Studio Version 17
VisualStudioVersion = 17.14.36603.0
MinimumVisualStudioVersion = 10.0.40219.1
Project("{FAE04EC0-301F-11D3-BF4B-00C04F79EFBC}") = "User.Domain", "src\User\User.Domain\User.Domain.csproj", "{AB54608E-A708-4254-AE5B-F97E1580C181}"
EndProject
Project("{2150E333-8FDC-42A3-9474-1A3956D46DE8}") = "src", "src", "{36D591C7-65C7-A0D1-1CBC-10CDE441BDC8}"
EndProject
Project("{2150E333-8FDC-42A3-9474-1A3956D46DE8}") = "User", "User", "{4067827E-09C1-4B50-AB4C-8278DD660E5C}"
EndProject
Project("{FAE04EC0-301F-11D3-BF4B-00C04F79EFBC}") = "User.Infrastructure", "src\User\User.Infrastructure\User.Infrastructure.csproj", "{39B1976A-B41B-4D70-B1C5-D393490A8DF5}"
EndProject
Project("{2150E333-8FDC-42A3-9474-1A3956D46DE8}") = "Shared", "Shared", "{EA2AD3C8-ECDC-48A5-BFAF-13B7BE7B4FAC}"
EndProject
Project("{FAE04EC0-301F-11D3-BF4B-00C04F79EFBC}") = "Shared", "src\Shared\Shared.csproj", "{6BB75ED3-F3A1-415C-8B56-C85C438896CB}"
EndProject
Project("{FAE04EC0-301F-11D3-BF4B-00C04F79EFBC}") = "User.Application", "src\User\User.Application\User.Application.csproj", "{0C2EE5FC-0414-436B-B494-F233015833D8}"
EndProject
Project("{FAE04EC0-301F-11D3-BF4B-00C04F79EFBC}") = "User.Grpc", "src\User\User.Grpc\User.Grpc.csproj", "{AE8F731D-DB75-4D8D-A875-388E30F9DC78}"
EndProject
Project("{2150E333-8FDC-42A3-9474-1A3956D46DE8}") = "Currency", "Currency", "{2055C2F2-5898-412A-BD87-713472A54C36}"
EndProject
Project("{FAE04EC0-301F-11D3-BF4B-00C04F79EFBC}") = "Currency.Domain", "src\Currency\Currency.Domain\Currency.Domain.csproj", "{8E6F8828-5FA6-4010-B811-00E729C9AF4D}"
EndProject
Project("{FAE04EC0-301F-11D3-BF4B-00C04F79EFBC}") = "Currency.Infrastructure", "src\Currency\Currency.Infrastructure\Currency.Infrastructure.csproj", "{831FB786-C2B2-45A7-AB09-6D70701801A6}"
EndProject
Project("{FAE04EC0-301F-11D3-BF4B-00C04F79EFBC}") = "Currency.Application", "src\Currency\Currency.Application\Currency.Application.csproj", "{8AB4C263-D212-4700-82BE-484772CA56CD}"
EndProject
Project("{FAE04EC0-301F-11D3-BF4B-00C04F79EFBC}") = "Currency.Grpc", "src\Currency\Currency.Grpc\Currency.Grpc.csproj", "{4F5BFA5C-A414-416C-AF5B-7621970F764E}"
EndProject
Project("{FAE04EC0-301F-11D3-BF4B-00C04F79EFBC}") = "Currency.BackgroundWorkerService", "src\Currency\Currency.BackgroundWorkerService\Currency.BackgroundWorkerService.csproj", "{C1666521-36A7-4BFC-A80E-827B92BF3C58}"
EndProject
Project("{2150E333-8FDC-42A3-9474-1A3956D46DE8}") = "Migration", "Migration", "{B0CBE585-19AA-42EF-BAF2-819AB10755AC}"
EndProject
Project("{FAE04EC0-301F-11D3-BF4B-00C04F79EFBC}") = "Migration.WorkerService", "src\Migration\Migration.WorkerService\Migration.WorkerService.csproj", "{34ECA168-991F-4739-96F2-CFFA33FAC008}"
EndProject
Project("{2150E333-8FDC-42A3-9474-1A3956D46DE8}") = "Gateway", "Gateway", "{858827C8-8AC3-45AF-8083-D2C96C574617}"
EndProject
Project("{FAE04EC0-301F-11D3-BF4B-00C04F79EFBC}") = "Gateway.Infrastructure", "src\Gateway\Gateway.Infrastructure\Gateway.Infrastructure.csproj", "{B44F0699-BE50-4392-BDEB-27ED1E3A8A23}"
EndProject
Project("{FAE04EC0-301F-11D3-BF4B-00C04F79EFBC}") = "Gateway.Application", "src\Gateway\Gateway.Application\Gateway.Application.csproj", "{AC1B54BA-AE59-467C-B34C-73A327102011}"
EndProject
Project("{FAE04EC0-301F-11D3-BF4B-00C04F79EFBC}") = "Gateway.Grpc", "src\Gateway\Gateway.Grpc\Gateway.Grpc.csproj", "{44B74ECE-7DA5-4E8B-ABF2-AA79A62015EC}"
EndProject
Project("{FAE04EC0-301F-11D3-BF4B-00C04F79EFBC}") = "Gateway.Api", "src\Gateway\Gateway.Api\Gateway.Api.csproj", "{916BFAD8-0308-4866-912B-64F5F8519986}"
EndProject
Global
	GlobalSection(SolutionConfigurationPlatforms) = preSolution
		Debug|Any CPU = Debug|Any CPU
		Release|Any CPU = Release|Any CPU
	EndGlobalSection
	GlobalSection(ProjectConfigurationPlatforms) = postSolution
		{AB54608E-A708-4254-AE5B-F97E1580C181}.Debug|Any CPU.ActiveCfg = Debug|Any CPU
		{AB54608E-A708-4254-AE5B-F97E1580C181}.Debug|Any CPU.Build.0 = Debug|Any CPU
		{AB54608E-A708-4254-AE5B-F97E1580C181}.Release|Any CPU.ActiveCfg = Release|Any CPU
		{AB54608E-A708-4254-AE5B-F97E1580C181}.Release|Any CPU.Build.0 = Release|Any CPU
		{39B1976A-B41B-4D70-B1C5-D393490A8DF5}.Debug|Any CPU.ActiveCfg = Debug|Any CPU
		{39B1976A-B41B-4D70-B1C5-D393490A8DF5}.Debug|Any CPU.Build.0 = Debug|Any CPU
		{39B1976A-B41B-4D70-B1C5-D393490A8DF5}.Release|Any CPU.ActiveCfg = Release|Any CPU
		{39B1976A-B41B-4D70-B1C5-D393490A8DF5}.Release|Any CPU.Build.0 = Release|Any CPU
		{6BB75ED3-F3A1-415C-8B56-C85C438896CB}.Debug|Any CPU.ActiveCfg = Debug|Any CPU
		{6BB75ED3-F3A1-415C-8B56-C85C438896CB}.Debug|Any CPU.Build.0 = Debug|Any CPU
		{6BB75ED3-F3A1-415C-8B56-C85C438896CB}.Release|Any CPU.ActiveCfg = Release|Any CPU
		{6BB75ED3-F3A1-415C-8B56-C85C438896CB}.Release|Any CPU.Build.0 = Release|Any CPU
		{0C2EE5FC-0414-436B-B494-F233015833D8}.Debug|Any CPU.ActiveCfg = Debug|Any CPU
		{0C2EE5FC-0414-436B-B494-F233015833D8}.Debug|Any CPU.Build.0 = Debug|Any CPU
		{0C2EE5FC-0414-436B-B494-F233015833D8}.Release|Any CPU.ActiveCfg = Release|Any CPU
		{0C2EE5FC-0414-436B-B494-F233015833D8}.Release|Any CPU.Build.0 = Release|Any CPU
		{AE8F731D-DB75-4D8D-A875-388E30F9DC78}.Debug|Any CPU.ActiveCfg = Debug|Any CPU
		{AE8F731D-DB75-4D8D-A875-388E30F9DC78}.Debug|Any CPU.Build.0 = Debug|Any CPU
		{AE8F731D-DB75-4D8D-A875-388E30F9DC78}.Release|Any CPU.ActiveCfg = Release|Any CPU
		{AE8F731D-DB75-4D8D-A875-388E30F9DC78}.Release|Any CPU.Build.0 = Release|Any CPU
		{8E6F8828-5FA6-4010-B811-00E729C9AF4D}.Debug|Any CPU.ActiveCfg = Debug|Any CPU
		{8E6F8828-5FA6-4010-B811-00E729C9AF4D}.Debug|Any CPU.Build.0 = Debug|Any CPU
		{8E6F8828-5FA6-4010-B811-00E729C9AF4D}.Release|Any CPU.ActiveCfg = Release|Any CPU
		{8E6F8828-5FA6-4010-B811-00E729C9AF4D}.Release|Any CPU.Build.0 = Release|Any CPU
		{831FB786-C2B2-45A7-AB09-6D70701801A6}.Debug|Any CPU.ActiveCfg = Debug|Any CPU
		{831FB786-C2B2-45A7-AB09-6D70701801A6}.Debug|Any CPU.Build.0 = Debug|Any CPU
		{831FB786-C2B2-45A7-AB09-6D70701801A6}.Release|Any CPU.ActiveCfg = Release|Any CPU
		{831FB786-C2B2-45A7-AB09-6D70701801A6}.Release|Any CPU.Build.0 = Release|Any CPU
		{8AB4C263-D212-4700-82BE-484772CA56CD}.Debug|Any CPU.ActiveCfg = Debug|Any CPU
		{8AB4C263-D212-4700-82BE-484772CA56CD}.Debug|Any CPU.Build.0 = Debug|Any CPU
		{8AB4C263-D212-4700-82BE-484772CA56CD}.Release|Any CPU.ActiveCfg = Release|Any CPU
		{8AB4C263-D212-4700-82BE-484772CA56CD}.Release|Any CPU.Build.0 = Release|Any CPU
		{4F5BFA5C-A414-416C-AF5B-7621970F764E}.Debug|Any CPU.ActiveCfg = Debug|Any CPU
		{4F5BFA5C-A414-416C-AF5B-7621970F764E}.Debug|Any CPU.Build.0 = Debug|Any CPU
		{4F5BFA5C-A414-416C-AF5B-7621970F764E}.Release|Any CPU.ActiveCfg = Release|Any CPU
		{4F5BFA5C-A414-416C-AF5B-7621970F764E}.Release|Any CPU.Build.0 = Release|Any CPU
		{C1666521-36A7-4BFC-A80E-827B92BF3C58}.Debug|Any CPU.ActiveCfg = Debug|Any CPU
		{C1666521-36A7-4BFC-A80E-827B92BF3C58}.Debug|Any CPU.Build.0 = Debug|Any CPU
		{C1666521-36A7-4BFC-A80E-827B92BF3C58}.Release|Any CPU.ActiveCfg = Release|Any CPU
		{C1666521-36A7-4BFC-A80E-827B92BF3C58}.Release|Any CPU.Build.0 = Release|Any CPU
		{34ECA168-991F-4739-96F2-CFFA33FAC008}.Debug|Any CPU.ActiveCfg = Debug|Any CPU
		{34ECA168-991F-4739-96F2-CFFA33FAC008}.Debug|Any CPU.Build.0 = Debug|Any CPU
		{34ECA168-991F-4739-96F2-CFFA33FAC008}.Release|Any CPU.ActiveCfg = Release|Any CPU
		{34ECA168-991F-4739-96F2-CFFA33FAC008}.Release|Any CPU.Build.0 = Release|Any CPU
		{B44F0699-BE50-4392-BDEB-27ED1E3A8A23}.Debug|Any CPU.ActiveCfg = Debug|Any CPU
		{B44F0699-BE50-4392-BDEB-27ED1E3A8A23}.Debug|Any CPU.Build.0 = Debug|Any CPU
		{B44F0699-BE50-4392-BDEB-27ED1E3A8A23}.Release|Any CPU.ActiveCfg = Release|Any CPU
		{B44F0699-BE50-4392-BDEB-27ED1E3A8A23}.Release|Any CPU.Build.0 = Release|Any CPU
		{AC1B54BA-AE59-467C-B34C-73A327102011}.Debug|Any CPU.ActiveCfg = Debug|Any CPU
		{AC1B54BA-AE59-467C-B34C-73A327102011}.Debug|Any CPU.Build.0 = Debug|Any CPU
		{AC1B54BA-AE59-467C-B34C-73A327102011}.Release|Any CPU.ActiveCfg = Release|Any CPU
		{AC1B54BA-AE59-467C-B34C-73A327102011}.Release|Any CPU.Build.0 = Release|Any CPU
		{44B74ECE-7DA5-4E8B-ABF2-AA79A62015EC}.Debug|Any CPU.ActiveCfg = Debug|Any CPU
		{44B74ECE-7DA5-4E8B-ABF2-AA79A62015EC}.Debug|Any CPU.Build.0 = Debug|Any CPU
		{44B74ECE-7DA5-4E8B-ABF2-AA79A62015EC}.Release|Any CPU.ActiveCfg = Release|Any CPU
		{44B74ECE-7DA5-4E8B-ABF2-AA79A62015EC}.Release|Any CPU.Build.0 = Release|Any CPU
		{916BFAD8-0308-4866-912B-64F5F8519986}.Debug|Any CPU.ActiveCfg = Debug|Any CPU
		{916BFAD8-0308-4866-912B-64F5F8519986}.Debug|Any CPU.Build.0 = Debug|Any CPU
		{916BFAD8-0308-4866-912B-64F5F8519986}.Release|Any CPU.ActiveCfg = Release|Any CPU
		{916BFAD8-0308-4866-912B-64F5F8519986}.Release|Any CPU.Build.0 = Release|Any CPU
	EndGlobalSection
	GlobalSection(SolutionProperties) = preSolution
		HideSolutionNode = FALSE
	EndGlobalSection
	GlobalSection(NestedProjects) = preSolution
		{AB54608E-A708-4254-AE5B-F97E1580C181} = {4067827E-09C1-4B50-AB4C-8278DD660E5C}
		{4067827E-09C1-4B50-AB4C-8278DD660E5C} = {36D591C7-65C7-A0D1-1CBC-10CDE441BDC8}
		{39B1976A-B41B-4D70-B1C5-D393490A8DF5} = {4067827E-09C1-4B50-AB4C-8278DD660E5C}
		{EA2AD3C8-ECDC-48A5-BFAF-13B7BE7B4FAC} = {36D591C7-65C7-A0D1-1CBC-10CDE441BDC8}
		{6BB75ED3-F3A1-415C-8B56-C85C438896CB} = {EA2AD3C8-ECDC-48A5-BFAF-13B7BE7B4FAC}
		{0C2EE5FC-0414-436B-B494-F233015833D8} = {4067827E-09C1-4B50-AB4C-8278DD660E5C}
		{AE8F731D-DB75-4D8D-A875-388E30F9DC78} = {4067827E-09C1-4B50-AB4C-8278DD660E5C}
		{2055C2F2-5898-412A-BD87-713472A54C36} = {36D591C7-65C7-A0D1-1CBC-10CDE441BDC8}
		{8E6F8828-5FA6-4010-B811-00E729C9AF4D} = {2055C2F2-5898-412A-BD87-713472A54C36}
		{831FB786-C2B2-45A7-AB09-6D70701801A6} = {2055C2F2-5898-412A-BD87-713472A54C36}
		{8AB4C263-D212-4700-82BE-484772CA56CD} = {2055C2F2-5898-412A-BD87-713472A54C36}
		{C1666521-36A7-4BFC-A80E-827B92BF3C58} = {2055C2F2-5898-412A-BD87-713472A54C36}
		{B0CBE585-19AA-42EF-BAF2-819AB10755AC} = {36D591C7-65C7-A0D1-1CBC-10CDE441BDC8}
		{34ECA168-991F-4739-96F2-CFFA33FAC008} = {B0CBE585-19AA-42EF-BAF2-819AB10755AC}
		{858827C8-8AC3-45AF-8083-D2C96C574617} = {36D591C7-65C7-A0D1-1CBC-10CDE441BDC8}
		{B44F0699-BE50-4392-BDEB-27ED1E3A8A23} = {858827C8-8AC3-45AF-8083-D2C96C574617}
		{AC1B54BA-AE59-467C-B34C-73A327102011} = {858827C8-8AC3-45AF-8083-D2C96C574617}
		{44B74ECE-7DA5-4E8B-ABF2-AA79A62015EC} = {858827C8-8AC3-45AF-8083-D2C96C574617}
		{916BFAD8-0308-4866-912B-64F5F8519986} = {858827C8-8AC3-45AF-8083-D2C96C574617}
	EndGlobalSection
	GlobalSection(ExtensibilityGlobals) = postSolution
		SolutionGuid = {DB5B2737-75CC-4380-A1CA-7ADEEACEEE88}
	EndGlobalSection
EndGlobal
